{
  "name": "RAVERSE",
  "lockfileVersion": 3,
  "requires": true,
  "packages": {
    "": {
      "dependencies": {
        "raverse-mcp-server": "^1.0.4"
      }
    },
    "node_modules/raverse-mcp-server": {
      "version": "1.0.4",
      "resolved": "https://registry.npmjs.org/raverse-mcp-server/-/raverse-mcp-server-1.0.4.tgz",
      "integrity": "sha512-gOtLAMGOcqPFMKBBq050RsrEeFR/g5t6FsoMmQDsnNtuQL5g/oI8UqUDZACn7GHrfx5mMkGVXjRwEN07yLw7OQ==",
      "license": "MIT",
      "bin": {
        "raverse-mcp-server": "bin/raverse-mcp-server.js"
      },
      "engines": {
        "node": ">=18.0.0",
        "python": ">=3.13"
      },
      "funding": {
        "type": "github",
        "url": "https://github.com/usemanusai/jaegis-RAVERSE"
      }
    }
  }
}
