{
  "name": "RAVERSE",
  "lockfileVersion": 3,
  "requires": true,
  "packages": {
    "": {
      "devDependencies": {
        "raverse-mcp-server": "^1.0.10"
      }
    },
    "node_modules/raverse-mcp-server": {
      "version": "1.0.10",
      "resolved": "https://registry.npmjs.org/raverse-mcp-server/-/raverse-mcp-server-1.0.10.tgz",
      "integrity": "sha512-6FGme0K6swEstUNzGncH9ZofLB7raJdY+HXx1ENHEOZ90/2qkMyx8xQpJ6ZOXKuViRr+zoiQkQxVzuDPeRrHTQ==",
      "dev": true,
      "license": "MIT",
      "dependencies": {
        "raverse-mcp-server": "^1.0.9"
      },
      "bin": {
        "raverse-mcp-server": "bin/raverse-mcp-server.js"
      },
      "engines": {
        "node": ">=18.0.0",
        "python": ">=3.13"
      },
      "funding": {
        "type": "github",
        "url": "https://github.com/usemanusai/jaegis-RAVERSE"
      }
    }
  }
}
