{
  "name": "raverse-mcp-server",
  "version": "1.0.9",
  "lockfileVersion": 3,
  "requires": true,
  "packages": {
    "": {
      "name": "raverse-mcp-server",
      "version": "1.0.9",
      "license": "MIT",
      "dependencies": {
        "raverse-mcp-server": "^1.0.9"
      },
      "bin": {
        "raverse-mcp-server": "bin/raverse-mcp-server.js"
      },
      "devDependencies": {
        "@types/node": "^20.0.0"
      },
      "engines": {
        "node": ">=18.0.0",
        "python": ">=3.13"
      },
      "funding": {
        "type": "github",
        "url": "https://github.com/usemanusai/jaegis-RAVERSE"
      }
    },
    "node_modules/@types/node": {
      "version": "20.19.24",
      "resolved": "https://registry.npmjs.org/@types/node/-/node-20.19.24.tgz",
      "integrity": "sha512-FE5u0ezmi6y9OZEzlJfg37mqqf6ZDSF2V/NLjUyGrR9uTZ7Sb9F7bLNZ03S4XVUNRWGA7Ck4c1kK+YnuWjl+DA==",
      "dev": true,
      "license": "MIT",
      "dependencies": {
        "undici-types": "~6.21.0"
      }
    },
    "node_modules/raverse-mcp-server": {
      "version": "1.0.9",
      "resolved": "https://registry.npmjs.org/raverse-mcp-server/-/raverse-mcp-server-1.0.9.tgz",
      "integrity": "sha512-6D8sqdUs7hy1WjGLNeZIOIMd2WcBAvv0Md5d9fVhKgIGvsSE6+o+rwKN3rlCe8LY2Mj1z/Uf78orECm3WbfFKg==",
      "license": "MIT",
      "bin": {
        "raverse-mcp-server": "bin/raverse-mcp-server.js"
      },
      "engines": {
        "node": ">=18.0.0",
        "python": ">=3.13"
      },
      "funding": {
        "type": "github",
        "url": "https://github.com/usemanusai/jaegis-RAVERSE"
      }
    },
    "node_modules/undici-types": {
      "version": "6.21.0",
      "resolved": "https://registry.npmjs.org/undici-types/-/undici-types-6.21.0.tgz",
      "integrity": "sha512-iwDZqg0QAGrg9Rav5H4n0M64c3mkR59cJ6wQp+7C4nI0gsmExaedaYLNO44eT4AtBBwjbTiGPMlt2Md0T9H9JQ==",
      "dev": true,
      "license": "MIT"
    }
  }
}
